// !$*UTF8*$!
{
	archiveVersion = 1;
	classes = {
	};
	objectVersion = 46;
	objects = {

/* Begin PBXBuildFile section */
		1C638806ED3F469B85E77944 /* libPods.a in Frameworks */ = {isa = PBXBuildFile; fileRef = 30837F1AC9304AF09D4C633C /* libPods.a */; };
		DB2330A41826C6C000197B7E /* Foundation.framework in Frameworks */ = {isa = PBXBuildFile; fileRef = DB2330A31826C6C000197B7E /* Foundation.framework */; };
		DB2330A61826C6C000197B7E /* CoreGraphics.framework in Frameworks */ = {isa = PBXBuildFile; fileRef = DB2330A51826C6C000197B7E /* CoreGraphics.framework */; };
		DB2330A81826C6C000197B7E /* UIKit.framework in Frameworks */ = {isa = PBXBuildFile; fileRef = DB2330A71826C6C000197B7E /* UIKit.framework */; };
		DB2330AE1826C6C000197B7E /* InfoPlist.strings in Resources */ = {isa = PBXBuildFile; fileRef = DB2330AC1826C6C000197B7E /* InfoPlist.strings */; };
		DB2330B01826C6C000197B7E /* main.m in Sources */ = {isa = PBXBuildFile; fileRef = DB2330AF1826C6C000197B7E /* main.m */; };
		DB2331231826C73700197B7E /* Images.xcassets in Resources */ = {isa = PBXBuildFile; fileRef = DB23311D1826C73700197B7E /* Images.xcassets */; };
		DB2331241826C73700197B7E /* AppDelegate.m in Sources */ = {isa = PBXBuildFile; fileRef = DB2331211826C73700197B7E /* AppDelegate.m */; };
		DB2331291826C79200197B7E /* MainVC.m in Sources */ = {isa = PBXBuildFile; fileRef = DB2331281826C79200197B7E /* MainVC.m */; };
		DB23312B1826C79900197B7E /* Storyboard.storyboard in Resources */ = {isa = PBXBuildFile; fileRef = DB23312A1826C79900197B7E /* Storyboard.storyboard */; };
/* End PBXBuildFile section */

/* Begin PBXFileReference section */
		30837F1AC9304AF09D4C633C /* libPods.a */ = {isa = PBXFileReference; explicitFileType = archive.ar; includeInIndex = 0; path = libPods.a; sourceTree = BUILT_PRODUCTS_DIR; };
		77F4DB857FBF450B89DE0C70 /* Pods.xcconfig */ = {isa = PBXFileReference; includeInIndex = 1; lastKnownFileType = text.xcconfig; name = Pods.xcconfig; path = Pods/Pods.xcconfig; sourceTree = "<group>"; };
		DB2330A01826C6C000197B7E /* XLibraryExample.app */ = {isa = PBXFileReference; explicitFileType = wrapper.application; includeInIndex = 0; path = XLibraryExample.app; sourceTree = BUILT_PRODUCTS_DIR; };
		DB2330A31826C6C000197B7E /* Foundation.framework */ = {isa = PBXFileReference; lastKnownFileType = wrapper.framework; name = Foundation.framework; path = System/Library/Frameworks/Foundation.framework; sourceTree = SDKROOT; };
		DB2330A51826C6C000197B7E /* CoreGraphics.framework */ = {isa = PBXFileReference; lastKnownFileType = wrapper.framework; name = CoreGraphics.framework; path = System/Library/Frameworks/CoreGraphics.framework; sourceTree = SDKROOT; };
		DB2330A71826C6C000197B7E /* UIKit.framework */ = {isa = PBXFileReference; lastKnownFileType = wrapper.framework; name = UIKit.framework; path = System/Library/Frameworks/UIKit.framework; sourceTree = SDKROOT; };
		DB2330AB1826C6C000197B7E /* XLibraryExample-Info.plist */ = {isa = PBXFileReference; lastKnownFileType = text.plist.xml; path = "XLibraryExample-Info.plist"; sourceTree = "<group>"; };
		DB2330AD1826C6C000197B7E /* en */ = {isa = PBXFileReference; lastKnownFileType = text.plist.strings; name = en; path = en.lproj/InfoPlist.strings; sourceTree = "<group>"; };
		DB2330AF1826C6C000197B7E /* main.m */ = {isa = PBXFileReference; lastKnownFileType = sourcecode.c.objc; path = main.m; sourceTree = "<group>"; };
		DB2330B11826C6C000197B7E /* XLibraryExample-Prefix.pch */ = {isa = PBXFileReference; lastKnownFileType = sourcecode.c.h; path = "XLibraryExample-Prefix.pch"; sourceTree = "<group>"; };
		DB2330BC1826C6C000197B7E /* XCTest.framework */ = {isa = PBXFileReference; lastKnownFileType = wrapper.framework; name = XCTest.framework; path = Library/Frameworks/XCTest.framework; sourceTree = DEVELOPER_DIR; };
		DB23311D1826C73700197B7E /* Images.xcassets */ = {isa = PBXFileReference; lastKnownFileType = folder.assetcatalog; path = Images.xcassets; sourceTree = "<group>"; };
		DB2331201826C73700197B7E /* AppDelegate.h */ = {isa = PBXFileReference; fileEncoding = 4; lastKnownFileType = sourcecode.c.h; path = AppDelegate.h; sourceTree = "<group>"; };
		DB2331211826C73700197B7E /* AppDelegate.m */ = {isa = PBXFileReference; fileEncoding = 4; lastKnownFileType = sourcecode.c.objc; path = AppDelegate.m; sourceTree = "<group>"; };
		DB2331271826C79200197B7E /* MainVC.h */ = {isa = PBXFileReference; fileEncoding = 4; lastKnownFileType = sourcecode.c.h; path = MainVC.h; sourceTree = "<group>"; };
		DB2331281826C79200197B7E /* MainVC.m */ = {isa = PBXFileReference; fileEncoding = 4; lastKnownFileType = sourcecode.c.objc; path = MainVC.m; sourceTree = "<group>"; };
		DB23312A1826C79900197B7E /* Storyboard.storyboard */ = {isa = PBXFileReference; fileEncoding = 4; lastKnownFileType = file.storyboard; path = Storyboard.storyboard; sourceTree = "<group>"; };
/* End PBXFileReference section */

/* Begin PBXFrameworksBuildPhase section */
		DB23309D1826C6C000197B7E /* Frameworks */ = {
			isa = PBXFrameworksBuildPhase;
			buildActionMask = 2147483647;
			files = (
				DB2330A61826C6C000197B7E /* CoreGraphics.framework in Frameworks */,
				DB2330A81826C6C000197B7E /* UIKit.framework in Frameworks */,
				DB2330A41826C6C000197B7E /* Foundation.framework in Frameworks */,
				1C638806ED3F469B85E77944 /* libPods.a in Frameworks */,
			);
			runOnlyForDeploymentPostprocessing = 0;
		};
/* End PBXFrameworksBuildPhase section */

/* Begin PBXGroup section */
		DB2330971826C6C000197B7E = {
			isa = PBXGroup;
			children = (
				DB2330A91826C6C000197B7E /* XLibraryExample */,
				DB2330A21826C6C000197B7E /* Frameworks */,
				DB2330A11826C6C000197B7E /* Products */,
				77F4DB857FBF450B89DE0C70 /* Pods.xcconfig */,
			);
			sourceTree = "<group>";
		};
		DB2330A11826C6C000197B7E /* Products */ = {
			isa = PBXGroup;
			children = (
				DB2330A01826C6C000197B7E /* XLibraryExample.app */,
			);
			name = Products;
			sourceTree = "<group>";
		};
		DB2330A21826C6C000197B7E /* Frameworks */ = {
			isa = PBXGroup;
			children = (
				DB2330A31826C6C000197B7E /* Foundation.framework */,
				DB2330A51826C6C000197B7E /* CoreGraphics.framework */,
				DB2330A71826C6C000197B7E /* UIKit.framework */,
				DB2330BC1826C6C000197B7E /* XCTest.framework */,
				30837F1AC9304AF09D4C633C /* libPods.a */,
			);
			name = Frameworks;
			sourceTree = "<group>";
		};
		DB2330A91826C6C000197B7E /* XLibraryExample */ = {
			isa = PBXGroup;
			children = (
				DB23311C1826C73700197B7E /* Resource */,
				DB23311E1826C73700197B7E /* Source */,
				DB2331221826C73700197B7E /* Storyboard */,
				DB2330AA1826C6C000197B7E /* Supporting Files */,
			);
			path = XLibraryExample;
			sourceTree = "<group>";
		};
		DB2330AA1826C6C000197B7E /* Supporting Files */ = {
			isa = PBXGroup;
			children = (
				DB2330AB1826C6C000197B7E /* XLibraryExample-Info.plist */,
				DB2330AC1826C6C000197B7E /* InfoPlist.strings */,
				DB2330AF1826C6C000197B7E /* main.m */,
				DB2330B11826C6C000197B7E /* XLibraryExample-Prefix.pch */,
			);
			name = "Supporting Files";
			sourceTree = "<group>";
		};
		DB23311C1826C73700197B7E /* Resource */ = {
			isa = PBXGroup;
			children = (
				DB23311D1826C73700197B7E /* Images.xcassets */,
			);
			path = Resource;
			sourceTree = "<group>";
		};
		DB23311E1826C73700197B7E /* Source */ = {
			isa = PBXGroup;
			children = (
				DB2331251826C79200197B7E /* VC */,
				DB23311F1826C73700197B7E /* AppDelegate */,
			);
			path = Source;
			sourceTree = "<group>";
		};
		DB23311F1826C73700197B7E /* AppDelegate */ = {
			isa = PBXGroup;
			children = (
				DB2331201826C73700197B7E /* AppDelegate.h */,
				DB2331211826C73700197B7E /* AppDelegate.m */,
			);
			path = AppDelegate;
			sourceTree = "<group>";
		};
		DB2331221826C73700197B7E /* Storyboard */ = {
			isa = PBXGroup;
			children = (
				DB23312A1826C79900197B7E /* Storyboard.storyboard */,
			);
			path = Storyboard;
			sourceTree = "<group>";
		};
		DB2331251826C79200197B7E /* VC */ = {
			isa = PBXGroup;
			children = (
				DB2331261826C79200197B7E /* MainVC */,
			);
			path = VC;
			sourceTree = "<group>";
		};
		DB2331261826C79200197B7E /* MainVC */ = {
			isa = PBXGroup;
			children = (
				DB2331271826C79200197B7E /* MainVC.h */,
				DB2331281826C79200197B7E /* MainVC.m */,
			);
			path = MainVC;
			sourceTree = "<group>";
		};
/* End PBXGroup section */

/* Begin PBXNativeTarget section */
		DB23309F1826C6C000197B7E /* XLibraryExample */ = {
			isa = PBXNativeTarget;
			buildConfigurationList = DB2330CC1826C6C000197B7E /* Build configuration list for PBXNativeTarget "XLibraryExample" */;
			buildPhases = (
				ED3EE626EAE7424E8AB2A603 /* Check Pods Manifest.lock */,
				DB23309C1826C6C000197B7E /* Sources */,
				DB23309D1826C6C000197B7E /* Frameworks */,
				DB23309E1826C6C000197B7E /* Resources */,
				17D854E842C344BE9DEDABFB /* Copy Pods Resources */,
			);
			buildRules = (
			);
			dependencies = (
			);
			name = XLibraryExample;
			productName = XLibraryExample;
			productReference = DB2330A01826C6C000197B7E /* XLibraryExample.app */;
			productType = "com.apple.product-type.application";
		};
/* End PBXNativeTarget section */

/* Begin PBXProject section */
		DB2330981826C6C000197B7E /* Project object */ = {
			isa = PBXProject;
			attributes = {
				LastUpgradeCheck = 0500;
				ORGANIZATIONNAME = "FLC Team";
			};
			buildConfigurationList = DB23309B1826C6C000197B7E /* Build configuration list for PBXProject "XLibraryExample" */;
			compatibilityVersion = "Xcode 3.2";
			developmentRegion = English;
			hasScannedForEncodings = 0;
			knownRegions = (
				en,
			);
			mainGroup = DB2330971826C6C000197B7E;
			productRefGroup = DB2330A11826C6C000197B7E /* Products */;
			projectDirPath = "";
			projectRoot = "";
			targets = (
				DB23309F1826C6C000197B7E /* XLibraryExample */,
			);
		};
/* End PBXProject section */

/* Begin PBXResourcesBuildPhase section */
		DB23309E1826C6C000197B7E /* Resources */ = {
			isa = PBXResourcesBuildPhase;
			buildActionMask = 2147483647;
			files = (
				DB2331231826C73700197B7E /* Images.xcassets in Resources */,
				DB2330AE1826C6C000197B7E /* InfoPlist.strings in Resources */,
				DB23312B1826C79900197B7E /* Storyboard.storyboard in Resources */,
			);
			runOnlyForDeploymentPostprocessing = 0;
		};
/* End PBXResourcesBuildPhase section */

/* Begin PBXShellScriptBuildPhase section */
		17D854E842C344BE9DEDABFB /* Copy Pods Resources */ = {
			isa = PBXShellScriptBuildPhase;
			buildActionMask = 2147483647;
			files = (
			);
			inputPaths = (
			);
			name = "Copy Pods Resources";
			outputPaths = (
			);
			runOnlyForDeploymentPostprocessing = 0;
			shellPath = /bin/sh;
			shellScript = "\"${SRCROOT}/Pods/Pods-resources.sh\"\n";
			showEnvVarsInLog = 0;
		};
		ED3EE626EAE7424E8AB2A603 /* Check Pods Manifest.lock */ = {
			isa = PBXShellScriptBuildPhase;
			buildActionMask = 2147483647;
			files = (
			);
			inputPaths = (
			);
			name = "Check Pods Manifest.lock";
			outputPaths = (
			);
			runOnlyForDeploymentPostprocessing = 0;
			shellPath = /bin/sh;
			shellScript = "diff \"${PODS_ROOT}/../Podfile.lock\" \"${PODS_ROOT}/Manifest.lock\" > /dev/null\nif [[ $? != 0 ]] ; then\n    cat << EOM\nerror: The sandbox is not in sync with the Podfile.lock. Run 'pod install' or update your CocoaPods installation.\nEOM\n    exit 1\nfi\n";
			showEnvVarsInLog = 0;
		};
/* End PBXShellScriptBuildPhase section */

/* Begin PBXSourcesBuildPhase section */
		DB23309C1826C6C000197B7E /* Sources */ = {
			isa = PBXSourcesBuildPhase;
			buildActionMask = 2147483647;
			files = (
				DB2331291826C79200197B7E /* MainVC.m in Sources */,
				DB2330B01826C6C000197B7E /* main.m in Sources */,
				DB2331241826C73700197B7E /* AppDelegate.m in Sources */,
			);
			runOnlyForDeploymentPostprocessing = 0;
		};
/* End PBXSourcesBuildPhase section */

/* Begin PBXVariantGroup section */
		DB2330AC1826C6C000197B7E /* InfoPlist.strings */ = {
			isa = PBXVariantGroup;
			children = (
				DB2330AD1826C6C000197B7E /* en */,
			);
			name = InfoPlist.strings;
			sourceTree = "<group>";
		};
/* End PBXVariantGroup section */

/* Begin XCBuildConfiguration section */
		DB2330CA1826C6C000197B7E /* Debug */ = {
			isa = XCBuildConfiguration;
			buildSettings = {
				ALWAYS_SEARCH_USER_PATHS = NO;
				ARCHS = "$(ARCHS_STANDARD_INCLUDING_64_BIT)";
				CLANG_CXX_LANGUAGE_STANDARD = "gnu++0x";
				CLANG_CXX_LIBRARY = "libc++";
				CLANG_ENABLE_MODULES = YES;
				CLANG_ENABLE_OBJC_ARC = YES;
				CLANG_WARN_BOOL_CONVERSION = YES;
				CLANG_WARN_CONSTANT_CONVERSION = YES;
				CLANG_WARN_DIRECT_OBJC_ISA_USAGE = YES_ERROR;
				CLANG_WARN_EMPTY_BODY = YES;
				CLANG_WARN_ENUM_CONVERSION = YES;
				CLANG_WARN_INT_CONVERSION = YES;
				CLANG_WARN_OBJC_ROOT_CLASS = YES_ERROR;
				CLANG_WARN__DUPLICATE_METHOD_MATCH = YES;
				"CODE_SIGN_IDENTITY[sdk=iphoneos*]" = "iPhone Developer";
				COPY_PHASE_STRIP = NO;
				GCC_C_LANGUAGE_STANDARD = gnu99;
				GCC_DYNAMIC_NO_PIC = NO;
				GCC_OPTIMIZATION_LEVEL = 0;
				GCC_PREPROCESSOR_DEFINITIONS = (
					"DEBUG=1",
					"$(inherited)",
				);
				GCC_SYMBOLS_PRIVATE_EXTERN = NO;
				GCC_WARN_64_TO_32_BIT_CONVERSION = YES;
				GCC_WARN_ABOUT_RETURN_TYPE = YES_ERROR;
				GCC_WARN_UNDECLARED_SELECTOR = YES;
				GCC_WARN_UNINITIALIZED_AUTOS = YES;
				GCC_WARN_UNUSED_FUNCTION = YES;
				GCC_WARN_UNUSED_VARIABLE = YES;
				IPHONEOS_DEPLOYMENT_TARGET = 6.1;
				ONLY_ACTIVE_ARCH = YES;
				SDKROOT = iphoneos;
			};
			name = Debug;
		};
		DB2330CB1826C6C000197B7E /* Release */ = {
			isa = XCBuildConfiguration;
			buildSettings = {
				ALWAYS_SEARCH_USER_PATHS = NO;
				ARCHS = "$(ARCHS_STANDARD_INCLUDING_64_BIT)";
				CLANG_CXX_LANGUAGE_STANDARD = "gnu++0x";
				CLANG_CXX_LIBRARY = "libc++";
				CLANG_ENABLE_MODULES = YES;
				CLANG_ENABLE_OBJC_ARC = YES;
				CLANG_WARN_BOOL_CONVERSION = YES;
				CLANG_WARN_CONSTANT_CONVERSION = YES;
				CLANG_WARN_DIRECT_OBJC_ISA_USAGE = YES_ERROR;
				CLANG_WARN_EMPTY_BODY = YES;
				CLANG_WARN_ENUM_CONVERSION = YES;
				CLANG_WARN_INT_CONVERSION = YES;
				CLANG_WARN_OBJC_ROOT_CLASS = YES_ERROR;
				CLANG_WARN__DUPLICATE_METHOD_MATCH = YES;
				"CODE_SIGN_IDENTITY[sdk=iphoneos*]" = "iPhone Developer";
				COPY_PHASE_STRIP = YES;
				ENABLE_NS_ASSERTIONS = NO;
				GCC_C_LANGUAGE_STANDARD = gnu99;
				GCC_WARN_64_TO_32_BIT_CONVERSION = YES;
				GCC_WARN_ABOUT_RETURN_TYPE = YES_ERROR;
				GCC_WARN_UNDECLARED_SELECTOR = YES;
				GCC_WARN_UNINITIALIZED_AUTOS = YES;
				GCC_WARN_UNUSED_FUNCTION = YES;
				GCC_WARN_UNUSED_VARIABLE = YES;
				IPHONEOS_DEPLOYMENT_TARGET = 6.1;
				SDKROOT = iphoneos;
				VALIDATE_PRODUCT = YES;
			};
			name = Release;
		};
		DB2330CD1826C6C000197B7E /* Debug */ = {
			isa = XCBuildConfiguration;
			baseConfigurationReference = 77F4DB857FBF450B89DE0C70 /* Pods.xcconfig */;
			buildSettings = {
				ASSETCATALOG_COMPILER_APPICON_NAME = AppIcon;
				ASSETCATALOG_COMPILER_LAUNCHIMAGE_NAME = LaunchImage;
				GCC_PRECOMPILE_PREFIX_HEADER = YES;
				GCC_PREFIX_HEADER = "XLibraryExample/XLibraryExample-Prefix.pch";
				INFOPLIST_FILE = "XLibraryExample/XLibraryExample-Info.plist";
				PRODUCT_NAME = "$(TARGET_NAME)";
				WRAPPER_EXTENSION = app;
			};
			name = Debug;
		};
		DB2330CE1826C6C000197B7E /* Release */ = {
			isa = XCBuildConfiguration;
			baseConfigurationReference = 77F4DB857FBF450B89DE0C70 /* Pods.xcconfig */;
			buildSettings = {
				ASSETCATALOG_COMPILER_APPICON_NAME = AppIcon;
				ASSETCATALOG_COMPILER_LAUNCHIMAGE_NAME = LaunchImage;
				GCC_PRECOMPILE_PREFIX_HEADER = YES;
				GCC_PREFIX_HEADER = "XLibraryExample/XLibraryExample-Prefix.pch";
				INFOPLIST_FILE = "XLibraryExample/XLibraryExample-Info.plist";
				PRODUCT_NAME = "$(TARGET_NAME)";
				WRAPPER_EXTENSION = app;
			};
			name = Release;
		};
/* End XCBuildConfiguration section */

/* Begin XCConfigurationList section */
		DB23309B1826C6C000197B7E /* Build configuration list for PBXProject "XLibraryExample" */ = {
			isa = XCConfigurationList;
			buildConfigurations = (
				DB2330CA1826C6C000197B7E /* Debug */,
				DB2330CB1826C6C000197B7E /* Release */,
			);
			defaultConfigurationIsVisible = 0;
			defaultConfigurationName = Release;
		};
		DB2330CC1826C6C000197B7E /* Build configuration list for PBXNativeTarget "XLibraryExample" */ = {
			isa = XCConfigurationList;
			buildConfigurations = (
				DB2330CD1826C6C000197B7E /* Debug */,
				DB2330CE1826C6C000197B7E /* Release */,
			);
			defaultConfigurationIsVisible = 0;
			defaultConfigurationName = Release;
		};
/* End XCConfigurationList section */
	};
	rootObject = DB2330981826C6C000197B7E /* Project object */;
}
